// !$*UTF8*$!
{
	archiveVersion = 1;
	classes = {
	};
	objectVersion = 46;
	objects = {

/* Begin PBXBuildFile section */
		32192CF616BFC6FD00F300DE /* UIKit.framework in Frameworks */ = {isa = PBXBuildFile; fileRef = 32192CF516BFC6FD00F300DE /* UIKit.framework */; };
		32192CF816BFC6FD00F300DE /* Foundation.framework in Frameworks */ = {isa = PBXBuildFile; fileRef = 32192CF716BFC6FD00F300DE /* Foundation.framework */; };
		32192CFA16BFC6FD00F300DE /* CoreGraphics.framework in Frameworks */ = {isa = PBXBuildFile; fileRef = 32192CF916BFC6FD00F300DE /* CoreGraphics.framework */; };
		32192D0016BFC6FD00F300DE /* InfoPlist.strings in Resources */ = {isa = PBXBuildFile; fileRef = 32192CFE16BFC6FD00F300DE /* InfoPlist.strings */; };
		32192D0216BFC6FD00F300DE /* main.m in Sources */ = {isa = PBXBuildFile; fileRef = 32192D0116BFC6FD00F300DE /* main.m */; };
		32192D0616BFC6FD00F300DE /* GMAppDelegate.m in Sources */ = {isa = PBXBuildFile; fileRef = 32192D0516BFC6FD00F300DE /* GMAppDelegate.m */; };
		32192D0816BFC6FD00F300DE /* Default.png in Resources */ = {isa = PBXBuildFile; fileRef = 32192D0716BFC6FD00F300DE /* Default.png */; };
		32192D0A16BFC6FD00F300DE /* Default@2x.png in Resources */ = {isa = PBXBuildFile; fileRef = 32192D0916BFC6FD00F300DE /* Default@2x.png */; };
		32192D0C16BFC6FD00F300DE /* Default-568h@2x.png in Resources */ = {isa = PBXBuildFile; fileRef = 32192D0B16BFC6FD00F300DE /* Default-568h@2x.png */; };
		32192D0F16BFC6FD00F300DE /* MainStoryboard_iPhone.storyboard in Resources */ = {isa = PBXBuildFile; fileRef = 32192D0D16BFC6FD00F300DE /* MainStoryboard_iPhone.storyboard */; };
		32192D3416BFC83E00F300DE /* CoreImage.framework in Frameworks */ = {isa = PBXBuildFile; fileRef = 32192D3216BFC83E00F300DE /* CoreImage.framework */; };
		3248DD0F16FBDC9300BA8EB1 /* GMMainViewController.m in Sources */ = {isa = PBXBuildFile; fileRef = 3248DD0E16FBDC9300BA8EB1 /* GMMainViewController.m */; };
		325DC3C216E1A67200A0BB3C /* QuartzCore.framework in Frameworks */ = {isa = PBXBuildFile; fileRef = 325DC3C116E1A67200A0BB3C /* QuartzCore.framework */; };
		325F6584170148BC00825403 /* UIImage+animatedGIF.m in Sources */ = {isa = PBXBuildFile; fileRef = 325F6583170148BC00825403 /* UIImage+animatedGIF.m */; };
		325F658517014B0F00825403 /* ImageIO.framework in Frameworks */ = {isa = PBXBuildFile; fileRef = 32192D3316BFC83E00F300DE /* ImageIO.framework */; };
		325F658717014D6200825403 /* placeholder.png in Resources */ = {isa = PBXBuildFile; fileRef = 325F658617014D6200825403 /* placeholder.png */; };
		32963C4216E20A1A00F7FC12 /* Model.m in Sources */ = {isa = PBXBuildFile; fileRef = 32963C4116E20A1A00F7FC12 /* Model.m */; };
		32F31C0B16BFEE6F00DEA4B7 /* GMImage.m in Sources */ = {isa = PBXBuildFile; fileRef = 32F31C0A16BFEE6F00DEA4B7 /* GMImage.m */; };
/* End PBXBuildFile section */

/* Begin PBXFileReference section */
		32192CF116BFC6FD00F300DE /* Gif of the Magi.app */ = {isa = PBXFileReference; explicitFileType = wrapper.application; includeInIndex = 0; path = "Gif of the Magi.app"; sourceTree = BUILT_PRODUCTS_DIR; };
		32192CF516BFC6FD00F300DE /* UIKit.framework */ = {isa = PBXFileReference; lastKnownFileType = wrapper.framework; name = UIKit.framework; path = System/Library/Frameworks/UIKit.framework; sourceTree = SDKROOT; };
		32192CF716BFC6FD00F300DE /* Foundation.framework */ = {isa = PBXFileReference; lastKnownFileType = wrapper.framework; name = Foundation.framework; path = System/Library/Frameworks/Foundation.framework; sourceTree = SDKROOT; };
		32192CF916BFC6FD00F300DE /* CoreGraphics.framework */ = {isa = PBXFileReference; lastKnownFileType = wrapper.framework; name = CoreGraphics.framework; path = System/Library/Frameworks/CoreGraphics.framework; sourceTree = SDKROOT; };
		32192CFD16BFC6FD00F300DE /* Gif of the Magi-Info.plist */ = {isa = PBXFileReference; lastKnownFileType = text.plist.xml; path = "Gif of the Magi-Info.plist"; sourceTree = "<group>"; };
		32192CFF16BFC6FD00F300DE /* en */ = {isa = PBXFileReference; lastKnownFileType = text.plist.strings; name = en; path = en.lproj/InfoPlist.strings; sourceTree = "<group>"; };
		32192D0116BFC6FD00F300DE /* main.m */ = {isa = PBXFileReference; lastKnownFileType = sourcecode.c.objc; path = main.m; sourceTree = "<group>"; };
		32192D0316BFC6FD00F300DE /* Gif of the Magi-Prefix.pch */ = {isa = PBXFileReference; lastKnownFileType = sourcecode.c.h; path = "Gif of the Magi-Prefix.pch"; sourceTree = "<group>"; };
		32192D0416BFC6FD00F300DE /* GMAppDelegate.h */ = {isa = PBXFileReference; lastKnownFileType = sourcecode.c.h; path = GMAppDelegate.h; sourceTree = "<group>"; };
		32192D0516BFC6FD00F300DE /* GMAppDelegate.m */ = {isa = PBXFileReference; lastKnownFileType = sourcecode.c.objc; path = GMAppDelegate.m; sourceTree = "<group>"; };
		32192D0716BFC6FD00F300DE /* Default.png */ = {isa = PBXFileReference; lastKnownFileType = image.png; path = Default.png; sourceTree = "<group>"; };
		32192D0916BFC6FD00F300DE /* Default@2x.png */ = {isa = PBXFileReference; lastKnownFileType = image.png; path = "Default@2x.png"; sourceTree = "<group>"; };
		32192D0B16BFC6FD00F300DE /* Default-568h@2x.png */ = {isa = PBXFileReference; lastKnownFileType = image.png; path = "Default-568h@2x.png"; sourceTree = "<group>"; };
		32192D0E16BFC6FD00F300DE /* en */ = {isa = PBXFileReference; lastKnownFileType = file.storyboard; name = en; path = en.lproj/MainStoryboard_iPhone.storyboard; sourceTree = "<group>"; };
		32192D3216BFC83E00F300DE /* CoreImage.framework */ = {isa = PBXFileReference; lastKnownFileType = wrapper.framework; name = CoreImage.framework; path = System/Library/Frameworks/CoreImage.framework; sourceTree = SDKROOT; };
		32192D3316BFC83E00F300DE /* ImageIO.framework */ = {isa = PBXFileReference; lastKnownFileType = wrapper.framework; name = ImageIO.framework; path = System/Library/Frameworks/ImageIO.framework; sourceTree = SDKROOT; };
		3248DD0D16FBDC9300BA8EB1 /* GMMainViewController.h */ = {isa = PBXFileReference; fileEncoding = 4; lastKnownFileType = sourcecode.c.h; path = GMMainViewController.h; sourceTree = "<group>"; };
		3248DD0E16FBDC9300BA8EB1 /* GMMainViewController.m */ = {isa = PBXFileReference; fileEncoding = 4; lastKnownFileType = sourcecode.c.objc; path = GMMainViewController.m; sourceTree = "<group>"; };
		325DC3C116E1A67200A0BB3C /* QuartzCore.framework */ = {isa = PBXFileReference; lastKnownFileType = wrapper.framework; name = QuartzCore.framework; path = System/Library/Frameworks/QuartzCore.framework; sourceTree = SDKROOT; };
		325F6582170148BC00825403 /* UIImage+animatedGIF.h */ = {isa = PBXFileReference; fileEncoding = 4; lastKnownFileType = sourcecode.c.h; path = "UIImage+animatedGIF.h"; sourceTree = "<group>"; };
		325F6583170148BC00825403 /* UIImage+animatedGIF.m */ = {isa = PBXFileReference; fileEncoding = 4; lastKnownFileType = sourcecode.c.objc; path = "UIImage+animatedGIF.m"; sourceTree = "<group>"; };
		325F658617014D6200825403 /* placeholder.png */ = {isa = PBXFileReference; lastKnownFileType = image.png; path = placeholder.png; sourceTree = "<group>"; };
		32963C4016E20A1A00F7FC12 /* Model.h */ = {isa = PBXFileReference; fileEncoding = 4; lastKnownFileType = sourcecode.c.h; path = Model.h; sourceTree = "<group>"; };
		32963C4116E20A1A00F7FC12 /* Model.m */ = {isa = PBXFileReference; fileEncoding = 4; lastKnownFileType = sourcecode.c.objc; path = Model.m; sourceTree = "<group>"; };
		32F31C0916BFEE6F00DEA4B7 /* GMImage.h */ = {isa = PBXFileReference; fileEncoding = 4; lastKnownFileType = sourcecode.c.h; path = GMImage.h; sourceTree = "<group>"; };
		32F31C0A16BFEE6F00DEA4B7 /* GMImage.m */ = {isa = PBXFileReference; fileEncoding = 4; lastKnownFileType = sourcecode.c.objc; path = GMImage.m; sourceTree = "<group>"; };
/* End PBXFileReference section */

/* Begin PBXFrameworksBuildPhase section */
		32192CEE16BFC6FD00F300DE /* Frameworks */ = {
			isa = PBXFrameworksBuildPhase;
			buildActionMask = 2147483647;
			files = (
				325F658517014B0F00825403 /* ImageIO.framework in Frameworks */,
				325DC3C216E1A67200A0BB3C /* QuartzCore.framework in Frameworks */,
				32192D3416BFC83E00F300DE /* CoreImage.framework in Frameworks */,
				32192CF616BFC6FD00F300DE /* UIKit.framework in Frameworks */,
				32192CF816BFC6FD00F300DE /* Foundation.framework in Frameworks */,
				32192CFA16BFC6FD00F300DE /* CoreGraphics.framework in Frameworks */,
			);
			runOnlyForDeploymentPostprocessing = 0;
		};
/* End PBXFrameworksBuildPhase section */

/* Begin PBXGroup section */
		32192CE616BFC6FC00F300DE = {
			isa = PBXGroup;
			children = (
				32192CFB16BFC6FD00F300DE /* Gif of the Magi */,
				32192CF416BFC6FD00F300DE /* Frameworks */,
				32192CF216BFC6FD00F300DE /* Products */,
			);
			sourceTree = "<group>";
		};
		32192CF216BFC6FD00F300DE /* Products */ = {
			isa = PBXGroup;
			children = (
				32192CF116BFC6FD00F300DE /* Gif of the Magi.app */,
			);
			name = Products;
			sourceTree = "<group>";
		};
		32192CF416BFC6FD00F300DE /* Frameworks */ = {
			isa = PBXGroup;
			children = (
				32192D3316BFC83E00F300DE /* ImageIO.framework */,
				325DC3C116E1A67200A0BB3C /* QuartzCore.framework */,
				32192D3216BFC83E00F300DE /* CoreImage.framework */,
				32192CF516BFC6FD00F300DE /* UIKit.framework */,
				32192CF716BFC6FD00F300DE /* Foundation.framework */,
				32192CF916BFC6FD00F300DE /* CoreGraphics.framework */,
			);
			name = Frameworks;
			sourceTree = "<group>";
		};
		32192CFB16BFC6FD00F300DE /* Gif of the Magi */ = {
			isa = PBXGroup;
			children = (
				32192D0D16BFC6FD00F300DE /* MainStoryboard_iPhone.storyboard */,
				3248DD0C16FBDBD700BA8EB1 /* Classes */,
				3248DD1016FBDEA200BA8EB1 /* Controllers */,
				325DC3D516E1CFD600A0BB3C /* Images */,
				32192CFC16BFC6FD00F300DE /* Supporting Files */,
			);
			path = "Gif of the Magi";
			sourceTree = "<group>";
		};
		32192CFC16BFC6FD00F300DE /* Supporting Files */ = {
			isa = PBXGroup;
			children = (
				32192CFD16BFC6FD00F300DE /* Gif of the Magi-Info.plist */,
				32192CFE16BFC6FD00F300DE /* InfoPlist.strings */,
				32192D0116BFC6FD00F300DE /* main.m */,
				32192D0316BFC6FD00F300DE /* Gif of the Magi-Prefix.pch */,
				32192D0716BFC6FD00F300DE /* Default.png */,
				32192D0916BFC6FD00F300DE /* Default@2x.png */,
				32192D0B16BFC6FD00F300DE /* Default-568h@2x.png */,
			);
			name = "Supporting Files";
			sourceTree = "<group>";
		};
		3248DD0C16FBDBD700BA8EB1 /* Classes */ = {
			isa = PBXGroup;
			children = (
				32192D0416BFC6FD00F300DE /* GMAppDelegate.h */,
				32192D0516BFC6FD00F300DE /* GMAppDelegate.m */,
				32963C4016E20A1A00F7FC12 /* Model.h */,
				32963C4116E20A1A00F7FC12 /* Model.m */,
				32F31C0916BFEE6F00DEA4B7 /* GMImage.h */,
				32F31C0A16BFEE6F00DEA4B7 /* GMImage.m */,
				325F6582170148BC00825403 /* UIImage+animatedGIF.h */,
				325F6583170148BC00825403 /* UIImage+animatedGIF.m */,
			);
			name = Classes;
			sourceTree = "<group>";
		};
		3248DD1016FBDEA200BA8EB1 /* Controllers */ = {
			isa = PBXGroup;
			children = (
				3248DD0D16FBDC9300BA8EB1 /* GMMainViewController.h */,
				3248DD0E16FBDC9300BA8EB1 /* GMMainViewController.m */,
			);
			name = Controllers;
			sourceTree = "<group>";
		};
		325DC3D516E1CFD600A0BB3C /* Images */ = {
			isa = PBXGroup;
			children = (
				325F658617014D6200825403 /* placeholder.png */,
			);
			name = Images;
			sourceTree = "<group>";
		};
/* End PBXGroup section */

/* Begin PBXNativeTarget section */
		32192CF016BFC6FD00F300DE /* Gif of the Magi */ = {
			isa = PBXNativeTarget;
			buildConfigurationList = 32192D1816BFC6FD00F300DE /* Build configuration list for PBXNativeTarget "Gif of the Magi" */;
			buildPhases = (
				32192CED16BFC6FD00F300DE /* Sources */,
				32192CEE16BFC6FD00F300DE /* Frameworks */,
				32192CEF16BFC6FD00F300DE /* Resources */,
			);
			buildRules = (
			);
			dependencies = (
			);
			name = "Gif of the Magi";
			productName = "Gif of the Magi";
			productReference = 32192CF116BFC6FD00F300DE /* Gif of the Magi.app */;
			productType = "com.apple.product-type.application";
		};
/* End PBXNativeTarget section */

/* Begin PBXProject section */
		32192CE816BFC6FC00F300DE /* Project object */ = {
			isa = PBXProject;
			attributes = {
				CLASSPREFIX = GM;
				LastUpgradeCheck = 0450;
				ORGANIZATIONNAME = "Cameron Ehrlich";
			};
			buildConfigurationList = 32192CEB16BFC6FC00F300DE /* Build configuration list for PBXProject "Gif of the Magi" */;
			compatibilityVersion = "Xcode 3.2";
			developmentRegion = English;
			hasScannedForEncodings = 0;
			knownRegions = (
				en,
			);
			mainGroup = 32192CE616BFC6FC00F300DE;
			productRefGroup = 32192CF216BFC6FD00F300DE /* Products */;
			projectDirPath = "";
			projectRoot = "";
			targets = (
				32192CF016BFC6FD00F300DE /* Gif of the Magi */,
			);
		};
/* End PBXProject section */

/* Begin PBXResourcesBuildPhase section */
		32192CEF16BFC6FD00F300DE /* Resources */ = {
			isa = PBXResourcesBuildPhase;
			buildActionMask = 2147483647;
			files = (
				32192D0016BFC6FD00F300DE /* InfoPlist.strings in Resources */,
				32192D0816BFC6FD00F300DE /* Default.png in Resources */,
				32192D0A16BFC6FD00F300DE /* Default@2x.png in Resources */,
				32192D0C16BFC6FD00F300DE /* Default-568h@2x.png in Resources */,
				32192D0F16BFC6FD00F300DE /* MainStoryboard_iPhone.storyboard in Resources */,
				325F658717014D6200825403 /* placeholder.png in Resources */,
			);
			runOnlyForDeploymentPostprocessing = 0;
		};
/* End PBXResourcesBuildPhase section */

/* Begin PBXSourcesBuildPhase section */
		32192CED16BFC6FD00F300DE /* Sources */ = {
			isa = PBXSourcesBuildPhase;
			buildActionMask = 2147483647;
			files = (
				32192D0216BFC6FD00F300DE /* main.m in Sources */,
				32192D0616BFC6FD00F300DE /* GMAppDelegate.m in Sources */,
				32F31C0B16BFEE6F00DEA4B7 /* GMImage.m in Sources */,
				32963C4216E20A1A00F7FC12 /* Model.m in Sources */,
				3248DD0F16FBDC9300BA8EB1 /* GMMainViewController.m in Sources */,
				325F6584170148BC00825403 /* UIImage+animatedGIF.m in Sources */,
			);
			runOnlyForDeploymentPostprocessing = 0;
		};
/* End PBXSourcesBuildPhase section */

/* Begin PBXVariantGroup section */
		32192CFE16BFC6FD00F300DE /* InfoPlist.strings */ = {
			isa = PBXVariantGroup;
			children = (
				32192CFF16BFC6FD00F300DE /* en */,
			);
			name = InfoPlist.strings;
			sourceTree = "<group>";
		};
		32192D0D16BFC6FD00F300DE /* MainStoryboard_iPhone.storyboard */ = {
			isa = PBXVariantGroup;
			children = (
				32192D0E16BFC6FD00F300DE /* en */,
			);
			name = MainStoryboard_iPhone.storyboard;
			sourceTree = "<group>";
		};
/* End PBXVariantGroup section */

/* Begin XCBuildConfiguration section */
		32192D1616BFC6FD00F300DE /* Debug */ = {
			isa = XCBuildConfiguration;
			buildSettings = {
				ALWAYS_SEARCH_USER_PATHS = NO;
				CLANG_CXX_LANGUAGE_STANDARD = "gnu++0x";
				CLANG_CXX_LIBRARY = "libc++";
				CLANG_ENABLE_OBJC_ARC = YES;
				CLANG_WARN_EMPTY_BODY = YES;
				CLANG_WARN__DUPLICATE_METHOD_MATCH = YES;
				"CODE_SIGN_IDENTITY[sdk=iphoneos*]" = "iPhone Developer";
				COPY_PHASE_STRIP = NO;
				GCC_C_LANGUAGE_STANDARD = gnu99;
				GCC_DYNAMIC_NO_PIC = NO;
				GCC_OPTIMIZATION_LEVEL = 0;
				GCC_PREPROCESSOR_DEFINITIONS = (
					"DEBUG=1",
					"$(inherited)",
				);
				GCC_SYMBOLS_PRIVATE_EXTERN = NO;
				GCC_WARN_ABOUT_RETURN_TYPE = YES;
				GCC_WARN_UNINITIALIZED_AUTOS = YES;
				GCC_WARN_UNUSED_VARIABLE = YES;
				IPHONEOS_DEPLOYMENT_TARGET = 6.0;
				SDKROOT = iphoneos;
				TARGETED_DEVICE_FAMILY = "1,2";
			};
			name = Debug;
		};
		32192D1716BFC6FD00F300DE /* Release */ = {
			isa = XCBuildConfiguration;
			buildSettings = {
				ALWAYS_SEARCH_USER_PATHS = NO;
				CLANG_CXX_LANGUAGE_STANDARD = "gnu++0x";
				CLANG_CXX_LIBRARY = "libc++";
				CLANG_ENABLE_OBJC_ARC = YES;
				CLANG_WARN_EMPTY_BODY = YES;
				CLANG_WARN__DUPLICATE_METHOD_MATCH = YES;
				"CODE_SIGN_IDENTITY[sdk=iphoneos*]" = "iPhone Developer";
				COPY_PHASE_STRIP = YES;
				GCC_C_LANGUAGE_STANDARD = gnu99;
				GCC_WARN_ABOUT_RETURN_TYPE = YES;
				GCC_WARN_UNINITIALIZED_AUTOS = YES;
				GCC_WARN_UNUSED_VARIABLE = YES;
				IPHONEOS_DEPLOYMENT_TARGET = 6.0;
				OTHER_CFLAGS = "-DNS_BLOCK_ASSERTIONS=1";
				SDKROOT = iphoneos;
				TARGETED_DEVICE_FAMILY = "1,2";
				VALIDATE_PRODUCT = YES;
			};
			name = Release;
		};
		32192D1916BFC6FD00F300DE /* Debug */ = {
			isa = XCBuildConfiguration;
			buildSettings = {
				CLANG_ENABLE_OBJC_ARC = YES;
				GCC_PRECOMPILE_PREFIX_HEADER = YES;
				GCC_PREFIX_HEADER = "Gif of the Magi/Gif of the Magi-Prefix.pch";
				INFOPLIST_FILE = "Gif of the Magi/Gif of the Magi-Info.plist";
				LIBRARY_SEARCH_PATHS = (
					"$(inherited)",
					"\"$(SDKROOT)/usr/lib/system\"",
				);
				PRODUCT_NAME = "$(TARGET_NAME)";
				TARGETED_DEVICE_FAMILY = 1;
				WRAPPER_EXTENSION = app;
			};
			name = Debug;
		};
		32192D1A16BFC6FD00F300DE /* Release */ = {
			isa = XCBuildConfiguration;
			buildSettings = {
				CLANG_ENABLE_OBJC_ARC = YES;
				GCC_PRECOMPILE_PREFIX_HEADER = YES;
				GCC_PREFIX_HEADER = "Gif of the Magi/Gif of the Magi-Prefix.pch";
				INFOPLIST_FILE = "Gif of the Magi/Gif of the Magi-Info.plist";
				LIBRARY_SEARCH_PATHS = (
					"$(inherited)",
					"\"$(SDKROOT)/usr/lib/system\"",
				);
				PRODUCT_NAME = "$(TARGET_NAME)";
				TARGETED_DEVICE_FAMILY = 1;
				WRAPPER_EXTENSION = app;
			};
			name = Release;
		};
/* End XCBuildConfiguration section */

/* Begin XCConfigurationList section */
		32192CEB16BFC6FC00F300DE /* Build configuration list for PBXProject "Gif of the Magi" */ = {
			isa = XCConfigurationList;
			buildConfigurations = (
				32192D1616BFC6FD00F300DE /* Debug */,
				32192D1716BFC6FD00F300DE /* Release */,
			);
			defaultConfigurationIsVisible = 0;
			defaultConfigurationName = Release;
		};
		32192D1816BFC6FD00F300DE /* Build configuration list for PBXNativeTarget "Gif of the Magi" */ = {
			isa = XCConfigurationList;
			buildConfigurations = (
				32192D1916BFC6FD00F300DE /* Debug */,
				32192D1A16BFC6FD00F300DE /* Release */,
			);
			defaultConfigurationIsVisible = 0;
			defaultConfigurationName = Release;
		};
/* End XCConfigurationList section */
	};
	rootObject = 32192CE816BFC6FC00F300DE /* Project object */;
}
